
Microsoft Visual Studio Solution File, Format Version 12.00
# Visual Studio Version 16
VisualStudioVersion = 16.0.31424.327
MinimumVisualStudioVersion = 10.0.40219.1
Project("{FAE04EC0-301F-11D3-BF4B-00C04F79EFBC}") = "MySchoolWebSite", "MySchoolWebSite.csproj", "{C6F9334C-4AFD-4A0A-9953-679A6748F09F}"
EndProject
Global
	GlobalSection(SolutionConfigurationPlatforms) = preSolution
		Debug|Any CPU = Debug|Any CPU
		Release|Any CPU = Release|Any CPU
	EndGlobalSection
	GlobalSection(ProjectConfigurationPlatforms) = postSolution
		{C6F9334C-4AFD-4A0A-9953-679A6748F09F}.Debug|Any CPU.ActiveCfg = Debug|Any CPU
		{C6F9334C-4AFD-4A0A-9953-679A6748F09F}.Debug|Any CPU.Build.0 = Debug|Any CPU
		{C6F9334C-4AFD-4A0A-9953-679A6748F09F}.Release|Any CPU.ActiveCfg = Release|Any CPU
		{C6F9334C-4AFD-4A0A-9953-679A6748F09F}.Release|Any CPU.Build.0 = Release|Any CPU
	EndGlobalSection
	GlobalSection(SolutionProperties) = preSolution
		HideSolutionNode = FALSE
	EndGlobalSection
	GlobalSection(ExtensibilityGlobals) = postSolution
		SolutionGuid = {3A374541-4173-4BEF-8916-A583B4430CE2}
	EndGlobalSection
EndGlobal
